
Microsoft Visual Studio Solution File, Format Version 12.00
# Visual Studio Version 16
VisualStudioVersion = 16.0.30404.54
MinimumVisualStudioVersion = 10.0.40219.1
Project("{FAE04EC0-301F-11D3-BF4B-00C04F79EFBC}") = "SPA", "SPA\SPA.csproj", "{B1A0A1E0-6116-468A-A4B2-104E6D39EDBA}"
EndProject
Global
	GlobalSection(SolutionConfigurationPlatforms) = preSolution
		Debug|Any CPU = Debug|Any CPU
		Release|Any CPU = Release|Any CPU
	EndGlobalSection
	GlobalSection(ProjectConfigurationPlatforms) = postSolution
		{B1A0A1E0-6116-468A-A4B2-104E6D39EDBA}.Debug|Any CPU.ActiveCfg = Debug|Any CPU
		{B1A0A1E0-6116-468A-A4B2-104E6D39EDBA}.Debug|Any CPU.Build.0 = Debug|Any CPU
		{B1A0A1E0-6116-468A-A4B2-104E6D39EDBA}.Release|Any CPU.ActiveCfg = Release|Any CPU
		{B1A0A1E0-6116-468A-A4B2-104E6D39EDBA}.Release|Any CPU.Build.0 = Release|Any CPU
	EndGlobalSection
	GlobalSection(SolutionProperties) = preSolution
		HideSolutionNode = FALSE
	EndGlobalSection
	GlobalSection(ExtensibilityGlobals) = postSolution
		SolutionGuid = {7752412D-6F0F-4F8F-B926-F30C43BBCCC3}
	EndGlobalSection
EndGlobal
